PODS:
  - shoprees46Test (0.0.2)

DEPENDENCIES:
  - shoprees46Test (from `~/shoprees46Test`)

EXTERNAL SOURCES:
  shoprees46Test:
    :path: "~/shoprees46Test"

SPEC CHECKSUMS:
  shoprees46Test: 6d3a3444560d00a498f607bbe2ad0590f5851551

PODFILE CHECKSUM: eb8e65e9aaaa5c73a6cf9c001d65a8d3b3f61b55

COCOAPODS: 1.9.3
